
Microsoft Visual Studio Solution File, Format Version 12.00
# Visual Studio Version 17
VisualStudioVersion = 17.7.34221.43
MinimumVisualStudioVersion = 10.0.40219.1
Project("{F2A71F9B-5D33-465A-A702-920D77279786}") = "Functional Programming CW1", "Functional Programming CW1\Functional Programming CW1.fsproj", "{DA6E8A06-37B8-4433-B626-B363199E0C51}"
EndProject
Global
	GlobalSection(SolutionConfigurationPlatforms) = preSolution
		Debug|Any CPU = Debug|Any CPU
		Release|Any CPU = Release|Any CPU
	EndGlobalSection
	GlobalSection(ProjectConfigurationPlatforms) = postSolution
		{DA6E8A06-37B8-4433-B626-B363199E0C51}.Debug|Any CPU.ActiveCfg = Debug|Any CPU
		{DA6E8A06-37B8-4433-B626-B363199E0C51}.Debug|Any CPU.Build.0 = Debug|Any CPU
		{DA6E8A06-37B8-4433-B626-B363199E0C51}.Release|Any CPU.ActiveCfg = Release|Any CPU
		{DA6E8A06-37B8-4433-B626-B363199E0C51}.Release|Any CPU.Build.0 = Release|Any CPU
	EndGlobalSection
	GlobalSection(SolutionProperties) = preSolution
		HideSolutionNode = FALSE
	EndGlobalSection
	GlobalSection(ExtensibilityGlobals) = postSolution
		SolutionGuid = {2748F0ED-26B9-4046-A29D-EB6D3CEFB2C2}
	EndGlobalSection
EndGlobal
